
Microsoft Visual Studio Solution File, Format Version 12.00
# Visual Studio Version 17
VisualStudioVersion = 17.10.35013.160
MinimumVisualStudioVersion = 10.0.40219.1
Project("{FAE04EC0-301F-11D3-BF4B-00C04F79EFBC}") = "PerfilProfecional.Android", "PerfilProfecional.Android\PerfilProfecional.Android.csproj", "{2D643C68-8A7E-482F-A726-2CC98753BE7A}"
EndProject
Project("{FAE04EC0-301F-11D3-BF4B-00C04F79EFBC}") = "PerfilProfecional.iOS", "PerfilProfecional.iOS\PerfilProfecional.iOS.csproj", "{8A39235A-92DE-4AF7-B7C8-CE6D00E0C3AE}"
EndProject
Project("{FAE04EC0-301F-11D3-BF4B-00C04F79EFBC}") = "PerfilProfecional", "PerfilProfecional\PerfilProfecional.csproj", "{90D0F6EF-A608-4054-8E82-A1478BDF4E29}"
EndProject
Global
	GlobalSection(SolutionConfigurationPlatforms) = preSolution
		Debug|Any CPU = Debug|Any CPU
		Debug|iPhone = Debug|iPhone
		Debug|iPhoneSimulator = Debug|iPhoneSimulator
		Release|Any CPU = Release|Any CPU
		Release|iPhone = Release|iPhone
		Release|iPhoneSimulator = Release|iPhoneSimulator
	EndGlobalSection
	GlobalSection(ProjectConfigurationPlatforms) = postSolution
		{2D643C68-8A7E-482F-A726-2CC98753BE7A}.Debug|Any CPU.ActiveCfg = Debug|Any CPU
		{2D643C68-8A7E-482F-A726-2CC98753BE7A}.Debug|Any CPU.Build.0 = Debug|Any CPU
		{2D643C68-8A7E-482F-A726-2CC98753BE7A}.Debug|Any CPU.Deploy.0 = Debug|Any CPU
		{2D643C68-8A7E-482F-A726-2CC98753BE7A}.Debug|iPhone.ActiveCfg = Debug|Any CPU
		{2D643C68-8A7E-482F-A726-2CC98753BE7A}.Debug|iPhone.Build.0 = Debug|Any CPU
		{2D643C68-8A7E-482F-A726-2CC98753BE7A}.Debug|iPhone.Deploy.0 = Debug|Any CPU
		{2D643C68-8A7E-482F-A726-2CC98753BE7A}.Debug|iPhoneSimulator.ActiveCfg = Debug|Any CPU
		{2D643C68-8A7E-482F-A726-2CC98753BE7A}.Debug|iPhoneSimulator.Build.0 = Debug|Any CPU
		{2D643C68-8A7E-482F-A726-2CC98753BE7A}.Debug|iPhoneSimulator.Deploy.0 = Debug|Any CPU
		{2D643C68-8A7E-482F-A726-2CC98753BE7A}.Release|Any CPU.ActiveCfg = Release|Any CPU
		{2D643C68-8A7E-482F-A726-2CC98753BE7A}.Release|Any CPU.Build.0 = Release|Any CPU
		{2D643C68-8A7E-482F-A726-2CC98753BE7A}.Release|Any CPU.Deploy.0 = Release|Any CPU
		{2D643C68-8A7E-482F-A726-2CC98753BE7A}.Release|iPhone.ActiveCfg = Release|Any CPU
		{2D643C68-8A7E-482F-A726-2CC98753BE7A}.Release|iPhone.Build.0 = Release|Any CPU
		{2D643C68-8A7E-482F-A726-2CC98753BE7A}.Release|iPhone.Deploy.0 = Release|Any CPU
		{2D643C68-8A7E-482F-A726-2CC98753BE7A}.Release|iPhoneSimulator.ActiveCfg = Release|Any CPU
		{2D643C68-8A7E-482F-A726-2CC98753BE7A}.Release|iPhoneSimulator.Build.0 = Release|Any CPU
		{2D643C68-8A7E-482F-A726-2CC98753BE7A}.Release|iPhoneSimulator.Deploy.0 = Release|Any CPU
		{8A39235A-92DE-4AF7-B7C8-CE6D00E0C3AE}.Debug|Any CPU.ActiveCfg = Debug|iPhone
		{8A39235A-92DE-4AF7-B7C8-CE6D00E0C3AE}.Debug|Any CPU.Build.0 = Debug|iPhone
		{8A39235A-92DE-4AF7-B7C8-CE6D00E0C3AE}.Debug|Any CPU.Deploy.0 = Debug|iPhone
		{8A39235A-92DE-4AF7-B7C8-CE6D00E0C3AE}.Debug|iPhone.ActiveCfg = Debug|iPhone
		{8A39235A-92DE-4AF7-B7C8-CE6D00E0C3AE}.Debug|iPhone.Build.0 = Debug|iPhone
		{8A39235A-92DE-4AF7-B7C8-CE6D00E0C3AE}.Debug|iPhone.Deploy.0 = Debug|iPhone
		{8A39235A-92DE-4AF7-B7C8-CE6D00E0C3AE}.Debug|iPhoneSimulator.ActiveCfg = Debug|iPhoneSimulator
		{8A39235A-92DE-4AF7-B7C8-CE6D00E0C3AE}.Debug|iPhoneSimulator.Build.0 = Debug|iPhoneSimulator
		{8A39235A-92DE-4AF7-B7C8-CE6D00E0C3AE}.Debug|iPhoneSimulator.Deploy.0 = Debug|iPhoneSimulator
		{8A39235A-92DE-4AF7-B7C8-CE6D00E0C3AE}.Release|Any CPU.ActiveCfg = Release|iPhoneSimulator
		{8A39235A-92DE-4AF7-B7C8-CE6D00E0C3AE}.Release|Any CPU.Build.0 = Release|iPhoneSimulator
		{8A39235A-92DE-4AF7-B7C8-CE6D00E0C3AE}.Release|Any CPU.Deploy.0 = Release|iPhoneSimulator
		{8A39235A-92DE-4AF7-B7C8-CE6D00E0C3AE}.Release|iPhone.ActiveCfg = Release|iPhone
		{8A39235A-92DE-4AF7-B7C8-CE6D00E0C3AE}.Release|iPhone.Build.0 = Release|iPhone
		{8A39235A-92DE-4AF7-B7C8-CE6D00E0C3AE}.Release|iPhone.Deploy.0 = Release|iPhone
		{8A39235A-92DE-4AF7-B7C8-CE6D00E0C3AE}.Release|iPhoneSimulator.ActiveCfg = Release|iPhoneSimulator
		{8A39235A-92DE-4AF7-B7C8-CE6D00E0C3AE}.Release|iPhoneSimulator.Build.0 = Release|iPhoneSimulator
		{8A39235A-92DE-4AF7-B7C8-CE6D00E0C3AE}.Release|iPhoneSimulator.Deploy.0 = Release|iPhoneSimulator
		{90D0F6EF-A608-4054-8E82-A1478BDF4E29}.Debug|Any CPU.ActiveCfg = Debug|Any CPU
		{90D0F6EF-A608-4054-8E82-A1478BDF4E29}.Debug|Any CPU.Build.0 = Debug|Any CPU
		{90D0F6EF-A608-4054-8E82-A1478BDF4E29}.Debug|Any CPU.Deploy.0 = Debug|Any CPU
		{90D0F6EF-A608-4054-8E82-A1478BDF4E29}.Debug|iPhone.ActiveCfg = Debug|Any CPU
		{90D0F6EF-A608-4054-8E82-A1478BDF4E29}.Debug|iPhone.Build.0 = Debug|Any CPU
		{90D0F6EF-A608-4054-8E82-A1478BDF4E29}.Debug|iPhone.Deploy.0 = Debug|Any CPU
		{90D0F6EF-A608-4054-8E82-A1478BDF4E29}.Debug|iPhoneSimulator.ActiveCfg = Debug|Any CPU
		{90D0F6EF-A608-4054-8E82-A1478BDF4E29}.Debug|iPhoneSimulator.Build.0 = Debug|Any CPU
		{90D0F6EF-A608-4054-8E82-A1478BDF4E29}.Debug|iPhoneSimulator.Deploy.0 = Debug|Any CPU
		{90D0F6EF-A608-4054-8E82-A1478BDF4E29}.Release|Any CPU.ActiveCfg = Release|Any CPU
		{90D0F6EF-A608-4054-8E82-A1478BDF4E29}.Release|Any CPU.Build.0 = Release|Any CPU
		{90D0F6EF-A608-4054-8E82-A1478BDF4E29}.Release|Any CPU.Deploy.0 = Release|Any CPU
		{90D0F6EF-A608-4054-8E82-A1478BDF4E29}.Release|iPhone.ActiveCfg = Release|Any CPU
		{90D0F6EF-A608-4054-8E82-A1478BDF4E29}.Release|iPhone.Build.0 = Release|Any CPU
		{90D0F6EF-A608-4054-8E82-A1478BDF4E29}.Release|iPhone.Deploy.0 = Release|Any CPU
		{90D0F6EF-A608-4054-8E82-A1478BDF4E29}.Release|iPhoneSimulator.ActiveCfg = Release|Any CPU
		{90D0F6EF-A608-4054-8E82-A1478BDF4E29}.Release|iPhoneSimulator.Build.0 = Release|Any CPU
		{90D0F6EF-A608-4054-8E82-A1478BDF4E29}.Release|iPhoneSimulator.Deploy.0 = Release|Any CPU
	EndGlobalSection
	GlobalSection(SolutionProperties) = preSolution
		HideSolutionNode = FALSE
	EndGlobalSection
	GlobalSection(ExtensibilityGlobals) = postSolution
		SolutionGuid = {E6CA14ED-5C18-49B5-BF8B-271D07F4234D}
	EndGlobalSection
EndGlobal
